
Microsoft Visual Studio Solution File, Format Version 12.00
# Visual Studio Version 17
VisualStudioVersion = 17.8.34525.116
MinimumVisualStudioVersion = 10.0.40219.1
Project("{2150E333-8FDC-42A3-9474-1A3956D46DE8}") = "Services", "Services", "{B9DDFF5E-4B60-424A-839E-30E05781BC65}"
EndProject
Project("{2150E333-8FDC-42A3-9474-1A3956D46DE8}") = "Catalog", "Catalog", "{4BC81230-D351-40F0-A37D-38F55782E2C8}"
EndProject
Project("{FAE04EC0-301F-11D3-BF4B-00C04F79EFBC}") = "Catalog.API", "Services\Catalog\Catalog.API\Catalog.API.csproj", "{16A8A248-C267-47FC-97E2-F4BE6D9B5080}"
EndProject
Global
	GlobalSection(SolutionConfigurationPlatforms) = preSolution
		Debug|Any CPU = Debug|Any CPU
		Release|Any CPU = Release|Any CPU
	EndGlobalSection
	GlobalSection(ProjectConfigurationPlatforms) = postSolution
		{16A8A248-C267-47FC-97E2-F4BE6D9B5080}.Debug|Any CPU.ActiveCfg = Debug|Any CPU
		{16A8A248-C267-47FC-97E2-F4BE6D9B5080}.Debug|Any CPU.Build.0 = Debug|Any CPU
		{16A8A248-C267-47FC-97E2-F4BE6D9B5080}.Release|Any CPU.ActiveCfg = Release|Any CPU
		{16A8A248-C267-47FC-97E2-F4BE6D9B5080}.Release|Any CPU.Build.0 = Release|Any CPU
	EndGlobalSection
	GlobalSection(SolutionProperties) = preSolution
		HideSolutionNode = FALSE
	EndGlobalSection
	GlobalSection(NestedProjects) = preSolution
		{4BC81230-D351-40F0-A37D-38F55782E2C8} = {B9DDFF5E-4B60-424A-839E-30E05781BC65}
		{16A8A248-C267-47FC-97E2-F4BE6D9B5080} = {4BC81230-D351-40F0-A37D-38F55782E2C8}
	EndGlobalSection
	GlobalSection(ExtensibilityGlobals) = postSolution
		SolutionGuid = {F9D42F75-FF34-4E2D-BD35-82FE2B551BE3}
	EndGlobalSection
EndGlobal
